
Microsoft Visual Studio Solution File, Format Version 12.00
# Visual Studio 2013
VisualStudioVersion = 12.0.31101.0
MinimumVisualStudioVersion = 10.0.40219.1
Project("{FAE04EC0-301F-11D3-BF4B-00C04F79EFBC}") = "Service", "MutualSSLAuthWCF\Service.csproj", "{41D7B657-86A6-4B2D-A3E3-43307C9ED7EE}"
EndProject
Project("{FAE04EC0-301F-11D3-BF4B-00C04F79EFBC}") = "Client", "Client\Client.csproj", "{06B3949B-DB72-4BD0-88F7-51EB4FA6CDC5}"
	ProjectSection(ProjectDependencies) = postProject
		{41D7B657-86A6-4B2D-A3E3-43307C9ED7EE} = {41D7B657-86A6-4B2D-A3E3-43307C9ED7EE}
	EndProjectSection
EndProject
Global
	GlobalSection(SolutionConfigurationPlatforms) = preSolution
		Debug|Any CPU = Debug|Any CPU
		Release|Any CPU = Release|Any CPU
	EndGlobalSection
	GlobalSection(ProjectConfigurationPlatforms) = postSolution
		{41D7B657-86A6-4B2D-A3E3-43307C9ED7EE}.Debug|Any CPU.ActiveCfg = Debug|Any CPU
		{41D7B657-86A6-4B2D-A3E3-43307C9ED7EE}.Debug|Any CPU.Build.0 = Debug|Any CPU
		{41D7B657-86A6-4B2D-A3E3-43307C9ED7EE}.Release|Any CPU.ActiveCfg = Release|Any CPU
		{41D7B657-86A6-4B2D-A3E3-43307C9ED7EE}.Release|Any CPU.Build.0 = Release|Any CPU
		{06B3949B-DB72-4BD0-88F7-51EB4FA6CDC5}.Debug|Any CPU.ActiveCfg = Debug|Any CPU
		{06B3949B-DB72-4BD0-88F7-51EB4FA6CDC5}.Debug|Any CPU.Build.0 = Debug|Any CPU
		{06B3949B-DB72-4BD0-88F7-51EB4FA6CDC5}.Release|Any CPU.ActiveCfg = Release|Any CPU
		{06B3949B-DB72-4BD0-88F7-51EB4FA6CDC5}.Release|Any CPU.Build.0 = Release|Any CPU
	EndGlobalSection
	GlobalSection(SolutionProperties) = preSolution
		HideSolutionNode = FALSE
	EndGlobalSection
EndGlobal
